
Microsoft Visual Studio Solution File, Format Version 12.00
# Visual Studio Version 17
VisualStudioVersion = 17.5.002.0
MinimumVisualStudioVersion = 10.0.40219.1
Project("{2150E333-8FDC-42A3-9474-1A3956D46DE8}") = "sandbox", "sandbox", "{AE51A521-78FD-4C7E-8C70-4C77EA20F3C1}"
EndProject
Project("{9A19103F-16F7-4668-BE54-9A1E7A4F7556}") = "sandbox_project", "sandbox\sandbox_project\sandbox_project.csproj", "{B4EB7DF0-E16A-497F-8BE7-FCEB645CAE97}"
EndProject
Project("{2150E333-8FDC-42A3-9474-1A3956D46DE8}") = "week01", "week01", "{FB04ECB4-0E6B-4E00-A34A-C23C7843194A}"
EndProject
Project("{9A19103F-16F7-4668-BE54-9A1E7A4F7556}") = "analyze", "week01\analyze\analyze.csproj", "{D7D80FBE-4FC0-4621-8CE8-EC91BC500940}"
EndProject
Project("{9A19103F-16F7-4668-BE54-9A1E7A4F7556}") = "code", "week01\code\code.csproj", "{48BEA900-98B2-437D-9FF4-602A2D962625}"
EndProject
Project("{9A19103F-16F7-4668-BE54-9A1E7A4F7556}") = "teach", "week01\teach\teach.csproj", "{2399212A-0774-47C0-8908-D32B49313EF6}"
EndProject
Project("{2150E333-8FDC-42A3-9474-1A3956D46DE8}") = "week02", "week02", "{9A333329-A49E-4AAD-BBF6-B74D7462897B}"
EndProject
Project("{9A19103F-16F7-4668-BE54-9A1E7A4F7556}") = "analyze", "week02\analyze\analyze.csproj", "{C14BD33B-E424-4279-ADC8-65D9C956FBFF}"
EndProject
Project("{9A19103F-16F7-4668-BE54-9A1E7A4F7556}") = "code", "week02\code\code.csproj", "{040D92FB-589B-44BE-B28A-A62A22441A16}"
EndProject
Project("{9A19103F-16F7-4668-BE54-9A1E7A4F7556}") = "learn", "week02\learn\learn.csproj", "{5CEDE765-2E25-4C9F-82FD-B99C54B510F6}"
EndProject
Project("{9A19103F-16F7-4668-BE54-9A1E7A4F7556}") = "teach", "week02\teach\teach.csproj", "{89DB3AA9-4628-481F-AA5F-6D4793F36A92}"
EndProject
Project("{2150E333-8FDC-42A3-9474-1A3956D46DE8}") = "week03", "week03", "{CD336284-75D9-47A0-9B8D-6B32B00127E8}"
EndProject
Project("{9A19103F-16F7-4668-BE54-9A1E7A4F7556}") = "code", "week03\code\code.csproj", "{657B0941-B300-4CFD-A3F2-BFCE72897167}"
EndProject
Project("{9A19103F-16F7-4668-BE54-9A1E7A4F7556}") = "learn", "week03\learn\learn.csproj", "{DF2DE7B9-16DC-43D0-8C26-A0C54B4F0E67}"
EndProject
Project("{9A19103F-16F7-4668-BE54-9A1E7A4F7556}") = "teach", "week03\teach\teach.csproj", "{0C80543E-CDD7-4919-8272-EBB34FE89793}"
EndProject
Project("{2150E333-8FDC-42A3-9474-1A3956D46DE8}") = "week04", "week04", "{5E15A359-CE30-4074-86BF-98949EE4ED76}"
EndProject
Project("{9A19103F-16F7-4668-BE54-9A1E7A4F7556}") = "code", "week04\code\code.csproj", "{49DA043B-8ED9-4AB7-9350-06B55CDC8724}"
EndProject
Project("{2150E333-8FDC-42A3-9474-1A3956D46DE8}") = "week05", "week05", "{5F7FD0E2-A77F-47F3-AE71-F3F3A9B9547E}"
EndProject
Project("{9A19103F-16F7-4668-BE54-9A1E7A4F7556}") = "code", "week05\code\code.csproj", "{795621C1-85AF-4716-811D-BAD1339F5DE9}"
EndProject
Project("{2150E333-8FDC-42A3-9474-1A3956D46DE8}") = "week06", "week06", "{AD486B9D-750E-4A30-930A-61D25A213F7D}"
EndProject
Project("{9A19103F-16F7-4668-BE54-9A1E7A4F7556}") = "code", "week06\code\code.csproj", "{1051C2CE-0972-4E6B-AE39-EB6725EACBD0}"
EndProject
Global
	GlobalSection(SolutionConfigurationPlatforms) = preSolution
		Debug|Any CPU = Debug|Any CPU
		Release|Any CPU = Release|Any CPU
	EndGlobalSection
	GlobalSection(ProjectConfigurationPlatforms) = postSolution
		{B4EB7DF0-E16A-497F-8BE7-FCEB645CAE97}.Debug|Any CPU.ActiveCfg = Debug|Any CPU
		{B4EB7DF0-E16A-497F-8BE7-FCEB645CAE97}.Debug|Any CPU.Build.0 = Debug|Any CPU
		{B4EB7DF0-E16A-497F-8BE7-FCEB645CAE97}.Release|Any CPU.ActiveCfg = Release|Any CPU
		{B4EB7DF0-E16A-497F-8BE7-FCEB645CAE97}.Release|Any CPU.Build.0 = Release|Any CPU
		{D7D80FBE-4FC0-4621-8CE8-EC91BC500940}.Debug|Any CPU.ActiveCfg = Debug|Any CPU
		{D7D80FBE-4FC0-4621-8CE8-EC91BC500940}.Debug|Any CPU.Build.0 = Debug|Any CPU
		{D7D80FBE-4FC0-4621-8CE8-EC91BC500940}.Release|Any CPU.ActiveCfg = Release|Any CPU
		{D7D80FBE-4FC0-4621-8CE8-EC91BC500940}.Release|Any CPU.Build.0 = Release|Any CPU
		{48BEA900-98B2-437D-9FF4-602A2D962625}.Debug|Any CPU.ActiveCfg = Debug|Any CPU
		{48BEA900-98B2-437D-9FF4-602A2D962625}.Debug|Any CPU.Build.0 = Debug|Any CPU
		{48BEA900-98B2-437D-9FF4-602A2D962625}.Release|Any CPU.ActiveCfg = Release|Any CPU
		{48BEA900-98B2-437D-9FF4-602A2D962625}.Release|Any CPU.Build.0 = Release|Any CPU
		{2399212A-0774-47C0-8908-D32B49313EF6}.Debug|Any CPU.ActiveCfg = Debug|Any CPU
		{2399212A-0774-47C0-8908-D32B49313EF6}.Debug|Any CPU.Build.0 = Debug|Any CPU
		{2399212A-0774-47C0-8908-D32B49313EF6}.Release|Any CPU.ActiveCfg = Release|Any CPU
		{2399212A-0774-47C0-8908-D32B49313EF6}.Release|Any CPU.Build.0 = Release|Any CPU
		{C14BD33B-E424-4279-ADC8-65D9C956FBFF}.Debug|Any CPU.ActiveCfg = Debug|Any CPU
		{C14BD33B-E424-4279-ADC8-65D9C956FBFF}.Debug|Any CPU.Build.0 = Debug|Any CPU
		{C14BD33B-E424-4279-ADC8-65D9C956FBFF}.Release|Any CPU.ActiveCfg = Release|Any CPU
		{C14BD33B-E424-4279-ADC8-65D9C956FBFF}.Release|Any CPU.Build.0 = Release|Any CPU
		{040D92FB-589B-44BE-B28A-A62A22441A16}.Debug|Any CPU.ActiveCfg = Debug|Any CPU
		{040D92FB-589B-44BE-B28A-A62A22441A16}.Debug|Any CPU.Build.0 = Debug|Any CPU
		{040D92FB-589B-44BE-B28A-A62A22441A16}.Release|Any CPU.ActiveCfg = Release|Any CPU
		{040D92FB-589B-44BE-B28A-A62A22441A16}.Release|Any CPU.Build.0 = Release|Any CPU
		{5CEDE765-2E25-4C9F-82FD-B99C54B510F6}.Debug|Any CPU.ActiveCfg = Debug|Any CPU
		{5CEDE765-2E25-4C9F-82FD-B99C54B510F6}.Debug|Any CPU.Build.0 = Debug|Any CPU
		{5CEDE765-2E25-4C9F-82FD-B99C54B510F6}.Release|Any CPU.ActiveCfg = Release|Any CPU
		{5CEDE765-2E25-4C9F-82FD-B99C54B510F6}.Release|Any CPU.Build.0 = Release|Any CPU
		{89DB3AA9-4628-481F-AA5F-6D4793F36A92}.Debug|Any CPU.ActiveCfg = Debug|Any CPU
		{89DB3AA9-4628-481F-AA5F-6D4793F36A92}.Debug|Any CPU.Build.0 = Debug|Any CPU
		{89DB3AA9-4628-481F-AA5F-6D4793F36A92}.Release|Any CPU.ActiveCfg = Release|Any CPU
		{89DB3AA9-4628-481F-AA5F-6D4793F36A92}.Release|Any CPU.Build.0 = Release|Any CPU
		{657B0941-B300-4CFD-A3F2-BFCE72897167}.Debug|Any CPU.ActiveCfg = Debug|Any CPU
		{657B0941-B300-4CFD-A3F2-BFCE72897167}.Debug|Any CPU.Build.0 = Debug|Any CPU
		{657B0941-B300-4CFD-A3F2-BFCE72897167}.Release|Any CPU.ActiveCfg = Release|Any CPU
		{657B0941-B300-4CFD-A3F2-BFCE72897167}.Release|Any CPU.Build.0 = Release|Any CPU
		{DF2DE7B9-16DC-43D0-8C26-A0C54B4F0E67}.Debug|Any CPU.ActiveCfg = Debug|Any CPU
		{DF2DE7B9-16DC-43D0-8C26-A0C54B4F0E67}.Debug|Any CPU.Build.0 = Debug|Any CPU
		{DF2DE7B9-16DC-43D0-8C26-A0C54B4F0E67}.Release|Any CPU.ActiveCfg = Release|Any CPU
		{DF2DE7B9-16DC-43D0-8C26-A0C54B4F0E67}.Release|Any CPU.Build.0 = Release|Any CPU
		{0C80543E-CDD7-4919-8272-EBB34FE89793}.Debug|Any CPU.ActiveCfg = Debug|Any CPU
		{0C80543E-CDD7-4919-8272-EBB34FE89793}.Debug|Any CPU.Build.0 = Debug|Any CPU
		{0C80543E-CDD7-4919-8272-EBB34FE89793}.Release|Any CPU.ActiveCfg = Release|Any CPU
		{0C80543E-CDD7-4919-8272-EBB34FE89793}.Release|Any CPU.Build.0 = Release|Any CPU
		{49DA043B-8ED9-4AB7-9350-06B55CDC8724}.Debug|Any CPU.ActiveCfg = Debug|Any CPU
		{49DA043B-8ED9-4AB7-9350-06B55CDC8724}.Debug|Any CPU.Build.0 = Debug|Any CPU
		{49DA043B-8ED9-4AB7-9350-06B55CDC8724}.Release|Any CPU.ActiveCfg = Release|Any CPU
		{49DA043B-8ED9-4AB7-9350-06B55CDC8724}.Release|Any CPU.Build.0 = Release|Any CPU
		{795621C1-85AF-4716-811D-BAD1339F5DE9}.Debug|Any CPU.ActiveCfg = Debug|Any CPU
		{795621C1-85AF-4716-811D-BAD1339F5DE9}.Debug|Any CPU.Build.0 = Debug|Any CPU
		{795621C1-85AF-4716-811D-BAD1339F5DE9}.Release|Any CPU.ActiveCfg = Release|Any CPU
		{795621C1-85AF-4716-811D-BAD1339F5DE9}.Release|Any CPU.Build.0 = Release|Any CPU
		{1051C2CE-0972-4E6B-AE39-EB6725EACBD0}.Debug|Any CPU.ActiveCfg = Debug|Any CPU
		{1051C2CE-0972-4E6B-AE39-EB6725EACBD0}.Debug|Any CPU.Build.0 = Debug|Any CPU
		{1051C2CE-0972-4E6B-AE39-EB6725EACBD0}.Release|Any CPU.ActiveCfg = Release|Any CPU
		{1051C2CE-0972-4E6B-AE39-EB6725EACBD0}.Release|Any CPU.Build.0 = Release|Any CPU
	EndGlobalSection
	GlobalSection(SolutionProperties) = preSolution
		HideSolutionNode = FALSE
	EndGlobalSection
	GlobalSection(NestedProjects) = preSolution
		{B4EB7DF0-E16A-497F-8BE7-FCEB645CAE97} = {AE51A521-78FD-4C7E-8C70-4C77EA20F3C1}
		{D7D80FBE-4FC0-4621-8CE8-EC91BC500940} = {FB04ECB4-0E6B-4E00-A34A-C23C7843194A}
		{48BEA900-98B2-437D-9FF4-602A2D962625} = {FB04ECB4-0E6B-4E00-A34A-C23C7843194A}
		{2399212A-0774-47C0-8908-D32B49313EF6} = {FB04ECB4-0E6B-4E00-A34A-C23C7843194A}
		{C14BD33B-E424-4279-ADC8-65D9C956FBFF} = {9A333329-A49E-4AAD-BBF6-B74D7462897B}
		{040D92FB-589B-44BE-B28A-A62A22441A16} = {9A333329-A49E-4AAD-BBF6-B74D7462897B}
		{5CEDE765-2E25-4C9F-82FD-B99C54B510F6} = {9A333329-A49E-4AAD-BBF6-B74D7462897B}
		{89DB3AA9-4628-481F-AA5F-6D4793F36A92} = {9A333329-A49E-4AAD-BBF6-B74D7462897B}
		{657B0941-B300-4CFD-A3F2-BFCE72897167} = {CD336284-75D9-47A0-9B8D-6B32B00127E8}
		{DF2DE7B9-16DC-43D0-8C26-A0C54B4F0E67} = {CD336284-75D9-47A0-9B8D-6B32B00127E8}
		{0C80543E-CDD7-4919-8272-EBB34FE89793} = {CD336284-75D9-47A0-9B8D-6B32B00127E8}
		{49DA043B-8ED9-4AB7-9350-06B55CDC8724} = {5E15A359-CE30-4074-86BF-98949EE4ED76}
		{795621C1-85AF-4716-811D-BAD1339F5DE9} = {5F7FD0E2-A77F-47F3-AE71-F3F3A9B9547E}
		{1051C2CE-0972-4E6B-AE39-EB6725EACBD0} = {AD486B9D-750E-4A30-930A-61D25A213F7D}
	EndGlobalSection
	GlobalSection(ExtensibilityGlobals) = postSolution
		SolutionGuid = {B72E62F1-5DFC-44B0-B1E3-461BC626D1F8}
	EndGlobalSection
EndGlobal
